{
  "pins" : [
    {
      "identity" : "waktrainercoremodels",
      "kind" : "remoteSourceControl",
      "location" : "https://github.com/iosdevbyul/WakTrainerCoreModels",
      "state" : {
        "branch" : "main",
        "revision" : "a19ca9d53b7b395b3c41efbbcc9883c53a672832"
      }
    }
  ],
  "version" : 2
}
